
Microsoft Visual Studio Solution File, Format Version 12.00
# Visual Studio 15
VisualStudioVersion = 15.0.27703.2042
MinimumVisualStudioVersion = 10.0.40219.1
Project("{FAE04EC0-301F-11D3-BF4B-00C04F79EFBC}") = "CG 6-4", "CG 6-4\CG 6-4.csproj", "{E7AA7847-523A-4C3E-9CE0-D16AD0ECABC5}"
EndProject
Global
	GlobalSection(SolutionConfigurationPlatforms) = preSolution
		Debug|Any CPU = Debug|Any CPU
		Release|Any CPU = Release|Any CPU
	EndGlobalSection
	GlobalSection(ProjectConfigurationPlatforms) = postSolution
		{E7AA7847-523A-4C3E-9CE0-D16AD0ECABC5}.Debug|Any CPU.ActiveCfg = Debug|Any CPU
		{E7AA7847-523A-4C3E-9CE0-D16AD0ECABC5}.Debug|Any CPU.Build.0 = Debug|Any CPU
		{E7AA7847-523A-4C3E-9CE0-D16AD0ECABC5}.Release|Any CPU.ActiveCfg = Release|Any CPU
		{E7AA7847-523A-4C3E-9CE0-D16AD0ECABC5}.Release|Any CPU.Build.0 = Release|Any CPU
	EndGlobalSection
	GlobalSection(SolutionProperties) = preSolution
		HideSolutionNode = FALSE
	EndGlobalSection
	GlobalSection(ExtensibilityGlobals) = postSolution
		SolutionGuid = {98EA3B8B-1BE1-467B-8831-0455E70F04C6}
	EndGlobalSection
EndGlobal
